
Microsoft Visual Studio Solution File, Format Version 12.00
# Visual Studio Version 17
VisualStudioVersion = 17.0.31919.166
MinimumVisualStudioVersion = 10.0.40219.1
Project("{2150E333-8FDC-42A3-9474-1A3956D46DE8}") = "SOLID", "SOLID", "{A054E0FA-95F4-4FD5-A54C-377CE9EAD1F9}"
EndProject
Project("{FAE04EC0-301F-11D3-BF4B-00C04F79EFBC}") = "SOLID_001_SingleResponsibilityPrincip", "SOLID_001_SingleResponsibilityPrincip\SOLID_001_SingleResponsibilityPrincip.csproj", "{75A8F961-66D3-4B4D-87B2-57A7D46559DC}"
EndProject
Project("{FAE04EC0-301F-11D3-BF4B-00C04F79EFBC}") = "SOLID_002_OpenClosePrinzip", "SOLID_002_OpenClosePrinzip\SOLID_002_OpenClosePrinzip.csproj", "{8E1BBF8E-F1C3-4A57-AD01-3BE06997DF83}"
EndProject
Global
	GlobalSection(SolutionConfigurationPlatforms) = preSolution
		Debug|Any CPU = Debug|Any CPU
		Release|Any CPU = Release|Any CPU
	EndGlobalSection
	GlobalSection(ProjectConfigurationPlatforms) = postSolution
		{75A8F961-66D3-4B4D-87B2-57A7D46559DC}.Debug|Any CPU.ActiveCfg = Debug|Any CPU
		{75A8F961-66D3-4B4D-87B2-57A7D46559DC}.Debug|Any CPU.Build.0 = Debug|Any CPU
		{75A8F961-66D3-4B4D-87B2-57A7D46559DC}.Release|Any CPU.ActiveCfg = Release|Any CPU
		{75A8F961-66D3-4B4D-87B2-57A7D46559DC}.Release|Any CPU.Build.0 = Release|Any CPU
		{8E1BBF8E-F1C3-4A57-AD01-3BE06997DF83}.Debug|Any CPU.ActiveCfg = Debug|Any CPU
		{8E1BBF8E-F1C3-4A57-AD01-3BE06997DF83}.Debug|Any CPU.Build.0 = Debug|Any CPU
		{8E1BBF8E-F1C3-4A57-AD01-3BE06997DF83}.Release|Any CPU.ActiveCfg = Release|Any CPU
		{8E1BBF8E-F1C3-4A57-AD01-3BE06997DF83}.Release|Any CPU.Build.0 = Release|Any CPU
	EndGlobalSection
	GlobalSection(SolutionProperties) = preSolution
		HideSolutionNode = FALSE
	EndGlobalSection
	GlobalSection(NestedProjects) = preSolution
		{75A8F961-66D3-4B4D-87B2-57A7D46559DC} = {A054E0FA-95F4-4FD5-A54C-377CE9EAD1F9}
		{8E1BBF8E-F1C3-4A57-AD01-3BE06997DF83} = {A054E0FA-95F4-4FD5-A54C-377CE9EAD1F9}
	EndGlobalSection
	GlobalSection(ExtensibilityGlobals) = postSolution
		SolutionGuid = {9B068428-ABC0-42FB-A652-78A7BC703662}
	EndGlobalSection
EndGlobal
