
Microsoft Visual Studio Solution File, Format Version 12.00
# Visual Studio Version 17
VisualStudioVersion = 17.0.31919.166
MinimumVisualStudioVersion = 10.0.40219.1
Project("{2150E333-8FDC-42A3-9474-1A3956D46DE8}") = "SOLID", "SOLID", "{A054E0FA-95F4-4FD5-A54C-377CE9EAD1F9}"
EndProject
Project("{9A19103F-16F7-4668-BE54-9A1E7A4F7556}") = "SOLID_001_SingleResponsibilityPrincip", "SOLID_001_SingleResponsibilityPrincip\SOLID_001_SingleResponsibilityPrincip.csproj", "{75A8F961-66D3-4B4D-87B2-57A7D46559DC}"
EndProject
Project("{9A19103F-16F7-4668-BE54-9A1E7A4F7556}") = "SOLID_002_OpenClosePrinzip", "SOLID_002_OpenClosePrinzip\SOLID_002_OpenClosePrinzip.csproj", "{8E1BBF8E-F1C3-4A57-AD01-3BE06997DF83}"
EndProject
Project("{9A19103F-16F7-4668-BE54-9A1E7A4F7556}") = "SOLID_003_LizkovischePrincipe", "SOLID_003_LizkovischePrincipe\SOLID_003_LizkovischePrincipe.csproj", "{6CC3EC64-E147-4F0A-A661-9F0F448EC1CA}"
EndProject
Project("{9A19103F-16F7-4668-BE54-9A1E7A4F7556}") = "SOLID_004_Interface_Segeration_Princip", "SOLID_004_Interface_Segeration_Princip\SOLID_004_Interface_Segeration_Princip.csproj", "{E6E062EB-C2FB-4D77-B0D2-6C8BA1AE809B}"
EndProject
Project("{9A19103F-16F7-4668-BE54-9A1E7A4F7556}") = "SOLID_005_DependencyInversion", "SOLID_005_DependencyInversion\SOLID_005_DependencyInversion.csproj", "{8822A1DF-D99F-427A-A716-432DB5AE1866}"
EndProject
Project("{2150E333-8FDC-42A3-9474-1A3956D46DE8}") = "LAB", "LAB", "{076D712F-AC3E-48CD-9404-6ECF199E8FD9}"
EndProject
Project("{9A19103F-16F7-4668-BE54-9A1E7A4F7556}") = "Übung_Solid1", "Übung_Solid1\Übung_Solid1.csproj", "{3E40160B-2626-4A6B-B32F-CDE88FCDF997}"
EndProject
Project("{2150E333-8FDC-42A3-9474-1A3956D46DE8}") = "Benchmarks", "Benchmarks", "{75EF4F87-5D00-4B60-9AB2-C387D825306C}"
EndProject
Project("{9A19103F-16F7-4668-BE54-9A1E7A4F7556}") = "StringBuilderBenchmarkDemo", "StringBuilderBenchmarkDemo\StringBuilderBenchmarkDemo.csproj", "{341C87B7-EB29-4AA5-8628-898060787E42}"
EndProject
Project("{2150E333-8FDC-42A3-9474-1A3956D46DE8}") = "Delegates", "Delegates", "{E848E991-3FAA-4A81-8963-73E5913C2CAF}"
EndProject
Project("{9A19103F-16F7-4668-BE54-9A1E7A4F7556}") = "DelegatesActionsFuncsSamples", "DelegatesActionsFuncsSamples\DelegatesActionsFuncsSamples.csproj", "{388339F4-675A-41E8-8376-E441855C33FE}"
EndProject
Project("{9A19103F-16F7-4668-BE54-9A1E7A4F7556}") = "DelegateAndActionAsCallback", "DelegateAndActionAsCallback\DelegateAndActionAsCallback.csproj", "{3725EF8B-82A6-4716-881A-34A8923EFD7C}"
EndProject
Project("{9A19103F-16F7-4668-BE54-9A1E7A4F7556}") = "WinFormsApp1", "WinFormsApp1\WinFormsApp1.csproj", "{C78B4C35-36A4-455D-AE5C-F6D5D13F1797}"
EndProject
Project("{9A19103F-16F7-4668-BE54-9A1E7A4F7556}") = "EventAndEventHandler", "EventAndEventHandler\EventAndEventHandler.csproj", "{76503690-4FDE-4A14-9FED-5E34A49E2B5A}"
EndProject
Project("{9A19103F-16F7-4668-BE54-9A1E7A4F7556}") = "BenchmarksMitStopWatch", "BenchmarksMitStopWatch\BenchmarksMitStopWatch.csproj", "{B07EF0F6-CE26-439D-BFDE-79A6932D27F5}"
EndProject
Project("{2150E333-8FDC-42A3-9474-1A3956D46DE8}") = "Threading", "Threading", "{5A49ABED-AE90-4EAB-BB5D-23A80A9B0154}"
EndProject
Project("{9A19103F-16F7-4668-BE54-9A1E7A4F7556}") = "001_ThreadStarten", "001_ThreadStarten\001_ThreadStarten.csproj", "{3FB9724A-9EA9-4B1C-A4C1-E51B62BA5F5A}"
EndProject
Project("{9A19103F-16F7-4668-BE54-9A1E7A4F7556}") = "002_ThreadMitParameterStarten", "002_ThreadMitParameterStarten\002_ThreadMitParameterStarten.csproj", "{6824288B-5C7B-45C5-B26F-9ACC720D04D9}"
EndProject
Project("{9A19103F-16F7-4668-BE54-9A1E7A4F7556}") = "003_ThreadBeenden", "003_ThreadBeenden\003_ThreadBeenden.csproj", "{A76773CA-67E7-4BE4-9137-267B236FA083}"
EndProject
Project("{9A19103F-16F7-4668-BE54-9A1E7A4F7556}") = "003a_ThreadBeenden", "003a_ThreadBeenden\003a_ThreadBeenden.csproj", "{E9F05DE0-DD46-475C-A6DA-D245E8AFB37E}"
EndProject
Project("{9A19103F-16F7-4668-BE54-9A1E7A4F7556}") = "003b_MicrosoftAbortSampleHaha", "003b_MicrosoftAbortSampleHaha\003b_MicrosoftAbortSampleHaha.csproj", "{683294F3-2433-4550-BE11-9407DC5B8F41}"
EndProject
Project("{9A19103F-16F7-4668-BE54-9A1E7A4F7556}") = "004_ThreadWithParameterAndReturnValue", "004_ThreadWithParameterAndReturnValue\004_ThreadWithParameterAndReturnValue.csproj", "{F9ED380C-AF32-41EC-BEDC-A477EA75456B}"
EndProject
Project("{9A19103F-16F7-4668-BE54-9A1E7A4F7556}") = "005_ThreadWithCallback", "005_ThreadWithCallback\005_ThreadWithCallback.csproj", "{285F9D37-DB2B-4478-AF80-B0A40273FEF4}"
EndProject
Project("{9A19103F-16F7-4668-BE54-9A1E7A4F7556}") = "006_ThreadPool", "006_ThreadPool\006_ThreadPool.csproj", "{DC594AA3-21D8-4C6D-98C1-F48CBE3C40E9}"
EndProject
Project("{9A19103F-16F7-4668-BE54-9A1E7A4F7556}") = "007_LockSample", "007_LockSample\007_LockSample.csproj", "{40E501AA-7631-45CA-A95E-8EEA32FDEEF4}"
EndProject
Project("{9A19103F-16F7-4668-BE54-9A1E7A4F7556}") = "008_MonitorSample", "008_MonitorSample\008_MonitorSample.csproj", "{3EA0E442-5B15-48D6-AD3F-64681C6F67F0}"
EndProject
Project("{9A19103F-16F7-4668-BE54-9A1E7A4F7556}") = "009_MutexSample", "009_MutexSample\009_MutexSample.csproj", "{643FD2BB-E94D-4BC7-9FF4-CA01DC27FA49}"
EndProject
Project("{9A19103F-16F7-4668-BE54-9A1E7A4F7556}") = "010_Mutext_ProgramInstance", "010_Mutext_ProgramInstance\010_Mutext_ProgramInstance.csproj", "{9CABD45F-9A17-4C2F-BF3A-5E15EAC4B750}"
EndProject
Project("{2150E333-8FDC-42A3-9474-1A3956D46DE8}") = "TPL", "TPL", "{A4FFCAB7-3ADE-4D6D-B4E0-1B6AFF2C70A2}"
EndProject
Project("{9A19103F-16F7-4668-BE54-9A1E7A4F7556}") = "001_Task_starten", "001_Task_starten\001_Task_starten.csproj", "{4B760A5C-D613-4F4A-928F-19C370387116}"
EndProject
Project("{9A19103F-16F7-4668-BE54-9A1E7A4F7556}") = "002_Task_Beenden", "002_Task_Beenden\002_Task_Beenden.csproj", "{87E1E2D7-309C-4F77-A182-8177B52AD111}"
EndProject
Project("{9A19103F-16F7-4668-BE54-9A1E7A4F7556}") = "002a_Task_Beenden", "002a_Task_Beenden\002a_Task_Beenden.csproj", "{BE4D53B3-62E7-4734-9628-227F6A0F7CCC}"
EndProject
Project("{9A19103F-16F7-4668-BE54-9A1E7A4F7556}") = "003_TaskFactorySample", "003_TaskFactorySample\003_TaskFactorySample.csproj", "{1BB11E37-A8F1-40C4-81C2-0F83094B4E36}"
EndProject
Project("{9A19103F-16F7-4668-BE54-9A1E7A4F7556}") = "004_TaskMitParameter", "004_TaskMitParameter\004_TaskMitParameter.csproj", "{4DAF905C-E459-45AD-8336-BE7B154B4AF0}"
EndProject
Project("{9A19103F-16F7-4668-BE54-9A1E7A4F7556}") = "005_Task_Exceptions", "005_Task_Exceptions\005_Task_Exceptions.csproj", "{E95DDAB8-240D-48B8-A336-8E3E866D85F8}"
EndProject
Project("{9A19103F-16F7-4668-BE54-9A1E7A4F7556}") = "006_ContinueSample", "006_ContinueSample\006_ContinueSample.csproj", "{DC890D38-99A0-4A90-98B5-645D5564A564}"
EndProject
Project("{9A19103F-16F7-4668-BE54-9A1E7A4F7556}") = "007_ContinueWithParams", "007_ContinueWithParams\007_ContinueWithParams.csproj", "{16715517-5B33-43BB-A90C-D4CF982A93F5}"
EndProject
Project("{9A19103F-16F7-4668-BE54-9A1E7A4F7556}") = "008_Task_WhenAllSample", "008_Task_WhenAllSample\008_Task_WhenAllSample.csproj", "{0B3C067A-186E-4B93-850C-15B5ECB009EE}"
EndProject
Project("{9A19103F-16F7-4668-BE54-9A1E7A4F7556}") = "009_AsyncAwaitSample", "ConsoleApp1\009_AsyncAwaitSample.csproj", "{46E0DA97-A054-449B-8201-128C1166122C}"
EndProject
Project("{9A19103F-16F7-4668-BE54-9A1E7A4F7556}") = "ParallelForSample", "ParallelForSample\ParallelForSample.csproj", "{456209AC-A1C0-4716-B904-F035E8936B77}"
EndProject
Project("{9A19103F-16F7-4668-BE54-9A1E7A4F7556}") = "BenchmarkTestParallelForVsFor", "BenchmarkTestParallelForVsFor\BenchmarkTestParallelForVsFor.csproj", "{9FFE18BC-5B2F-4B14-A0B1-2B275190D6E1}"
EndProject
Project("{2150E333-8FDC-42A3-9474-1A3956D46DE8}") = "Solution Items", "Solution Items", "{01AB40A1-E2EC-4576-B4CC-AF000E649500}"
	ProjectSection(SolutionItems) = preProject
		..\Agenda.md = ..\Agenda.md
	EndProjectSection
EndProject
Project("{9A19103F-16F7-4668-BE54-9A1E7A4F7556}") = "HelloGenerics", "HelloGenerics\HelloGenerics.csproj", "{B0376640-8512-44D2-A622-D26661C095A1}"
EndProject
Project("{2150E333-8FDC-42A3-9474-1A3956D46DE8}") = "Generics", "Generics", "{FEAEBD01-F5A0-4D35-A0E6-296DD60E7475}"
EndProject
Project("{9A19103F-16F7-4668-BE54-9A1E7A4F7556}") = "GenericConstraintSample", "GenericConstraintSample\GenericConstraintSample.csproj", "{C1CA33FA-3399-430C-9CD5-4B8B409C839B}"
EndProject
Project("{2150E333-8FDC-42A3-9474-1A3956D46DE8}") = "Sprachfeatures", "Sprachfeatures", "{AA24E0B9-10BB-4B04-88DF-881B8EED288C}"
EndProject
Project("{2150E333-8FDC-42A3-9474-1A3956D46DE8}") = "CSharp7x", "CSharp7x", "{7037AE83-FFEA-4F3C-B391-17F7F00BB3CD}"
EndProject
Project("{9A19103F-16F7-4668-BE54-9A1E7A4F7556}") = "CSharp7xSamples", "CSharp7xSamples\CSharp7xSamples.csproj", "{620B60B1-54C3-4B13-8DDB-CD2A4EFF4EB2}"
EndProject
Project("{9A19103F-16F7-4668-BE54-9A1E7A4F7556}") = "Modul019_01_StructVsClass", "StructVsClass\Modul019_01_StructVsClass.csproj", "{3FC6B75D-4810-4947-AB41-FA35351BE7D4}"
EndProject
Project("{2150E333-8FDC-42A3-9474-1A3956D46DE8}") = "CSharp80", "CSharp80", "{3E99CA5C-4111-4640-B4D1-38344456CEB5}"
EndProject
Project("{9A19103F-16F7-4668-BE54-9A1E7A4F7556}") = "CSharp80", "CSharp80\CSharp80.csproj", "{B5F83C8F-52CC-41F7-BCFC-789DAA5F6EFB}"
EndProject
Project("{2150E333-8FDC-42A3-9474-1A3956D46DE8}") = "CSharp90", "CSharp90", "{1DE76F65-63BA-4869-AB5F-BBA3CCCF9CB0}"
EndProject
Project("{FAE04EC0-301F-11D3-BF4B-00C04F79EFBC}") = "CSharp9Samples", "CSharp9Samples\CSharp9Samples.csproj", "{D68901DE-FBDE-4167-843A-6E4D28F1CA02}"
EndProject
Project("{FAE04EC0-301F-11D3-BF4B-00C04F79EFBC}") = "CSharp10", "CSharp10\CSharp10.csproj", "{80D2E739-62F2-40B3-862A-F65438FD875D}"
EndProject
Project("{2150E333-8FDC-42A3-9474-1A3956D46DE8}") = "Reflections", "Reflections", "{15278566-DF5C-4639-9DDE-94C48E8DCB1E}"
EndProject
Project("{FAE04EC0-301F-11D3-BF4B-00C04F79EFBC}") = "Taschenrechner", "Taschenrechner\Taschenrechner.csproj", "{F6D2C7EF-10B5-403C-9BBF-75D8AD08EA37}"
EndProject
Project("{FAE04EC0-301F-11D3-BF4B-00C04F79EFBC}") = "TaschenrechnerApp", "TaschenrechnerApp\TaschenrechnerApp.csproj", "{C1451352-75F7-4811-B422-845E4B2181B3}"
EndProject
Global
	GlobalSection(SolutionConfigurationPlatforms) = preSolution
		Debug|Any CPU = Debug|Any CPU
		Release|Any CPU = Release|Any CPU
	EndGlobalSection
	GlobalSection(ProjectConfigurationPlatforms) = postSolution
		{75A8F961-66D3-4B4D-87B2-57A7D46559DC}.Debug|Any CPU.ActiveCfg = Debug|Any CPU
		{75A8F961-66D3-4B4D-87B2-57A7D46559DC}.Debug|Any CPU.Build.0 = Debug|Any CPU
		{75A8F961-66D3-4B4D-87B2-57A7D46559DC}.Release|Any CPU.ActiveCfg = Release|Any CPU
		{75A8F961-66D3-4B4D-87B2-57A7D46559DC}.Release|Any CPU.Build.0 = Release|Any CPU
		{8E1BBF8E-F1C3-4A57-AD01-3BE06997DF83}.Debug|Any CPU.ActiveCfg = Debug|Any CPU
		{8E1BBF8E-F1C3-4A57-AD01-3BE06997DF83}.Debug|Any CPU.Build.0 = Debug|Any CPU
		{8E1BBF8E-F1C3-4A57-AD01-3BE06997DF83}.Release|Any CPU.ActiveCfg = Release|Any CPU
		{8E1BBF8E-F1C3-4A57-AD01-3BE06997DF83}.Release|Any CPU.Build.0 = Release|Any CPU
		{6CC3EC64-E147-4F0A-A661-9F0F448EC1CA}.Debug|Any CPU.ActiveCfg = Debug|Any CPU
		{6CC3EC64-E147-4F0A-A661-9F0F448EC1CA}.Debug|Any CPU.Build.0 = Debug|Any CPU
		{6CC3EC64-E147-4F0A-A661-9F0F448EC1CA}.Release|Any CPU.ActiveCfg = Release|Any CPU
		{6CC3EC64-E147-4F0A-A661-9F0F448EC1CA}.Release|Any CPU.Build.0 = Release|Any CPU
		{E6E062EB-C2FB-4D77-B0D2-6C8BA1AE809B}.Debug|Any CPU.ActiveCfg = Debug|Any CPU
		{E6E062EB-C2FB-4D77-B0D2-6C8BA1AE809B}.Debug|Any CPU.Build.0 = Debug|Any CPU
		{E6E062EB-C2FB-4D77-B0D2-6C8BA1AE809B}.Release|Any CPU.ActiveCfg = Release|Any CPU
		{E6E062EB-C2FB-4D77-B0D2-6C8BA1AE809B}.Release|Any CPU.Build.0 = Release|Any CPU
		{8822A1DF-D99F-427A-A716-432DB5AE1866}.Debug|Any CPU.ActiveCfg = Debug|Any CPU
		{8822A1DF-D99F-427A-A716-432DB5AE1866}.Debug|Any CPU.Build.0 = Debug|Any CPU
		{8822A1DF-D99F-427A-A716-432DB5AE1866}.Release|Any CPU.ActiveCfg = Release|Any CPU
		{8822A1DF-D99F-427A-A716-432DB5AE1866}.Release|Any CPU.Build.0 = Release|Any CPU
		{3E40160B-2626-4A6B-B32F-CDE88FCDF997}.Debug|Any CPU.ActiveCfg = Debug|Any CPU
		{3E40160B-2626-4A6B-B32F-CDE88FCDF997}.Debug|Any CPU.Build.0 = Debug|Any CPU
		{3E40160B-2626-4A6B-B32F-CDE88FCDF997}.Release|Any CPU.ActiveCfg = Release|Any CPU
		{3E40160B-2626-4A6B-B32F-CDE88FCDF997}.Release|Any CPU.Build.0 = Release|Any CPU
		{341C87B7-EB29-4AA5-8628-898060787E42}.Debug|Any CPU.ActiveCfg = Debug|Any CPU
		{341C87B7-EB29-4AA5-8628-898060787E42}.Debug|Any CPU.Build.0 = Debug|Any CPU
		{341C87B7-EB29-4AA5-8628-898060787E42}.Release|Any CPU.ActiveCfg = Release|Any CPU
		{341C87B7-EB29-4AA5-8628-898060787E42}.Release|Any CPU.Build.0 = Release|Any CPU
		{388339F4-675A-41E8-8376-E441855C33FE}.Debug|Any CPU.ActiveCfg = Debug|Any CPU
		{388339F4-675A-41E8-8376-E441855C33FE}.Debug|Any CPU.Build.0 = Debug|Any CPU
		{388339F4-675A-41E8-8376-E441855C33FE}.Release|Any CPU.ActiveCfg = Release|Any CPU
		{388339F4-675A-41E8-8376-E441855C33FE}.Release|Any CPU.Build.0 = Release|Any CPU
		{3725EF8B-82A6-4716-881A-34A8923EFD7C}.Debug|Any CPU.ActiveCfg = Debug|Any CPU
		{3725EF8B-82A6-4716-881A-34A8923EFD7C}.Debug|Any CPU.Build.0 = Debug|Any CPU
		{3725EF8B-82A6-4716-881A-34A8923EFD7C}.Release|Any CPU.ActiveCfg = Release|Any CPU
		{3725EF8B-82A6-4716-881A-34A8923EFD7C}.Release|Any CPU.Build.0 = Release|Any CPU
		{C78B4C35-36A4-455D-AE5C-F6D5D13F1797}.Debug|Any CPU.ActiveCfg = Debug|Any CPU
		{C78B4C35-36A4-455D-AE5C-F6D5D13F1797}.Debug|Any CPU.Build.0 = Debug|Any CPU
		{C78B4C35-36A4-455D-AE5C-F6D5D13F1797}.Release|Any CPU.ActiveCfg = Release|Any CPU
		{C78B4C35-36A4-455D-AE5C-F6D5D13F1797}.Release|Any CPU.Build.0 = Release|Any CPU
		{76503690-4FDE-4A14-9FED-5E34A49E2B5A}.Debug|Any CPU.ActiveCfg = Debug|Any CPU
		{76503690-4FDE-4A14-9FED-5E34A49E2B5A}.Debug|Any CPU.Build.0 = Debug|Any CPU
		{76503690-4FDE-4A14-9FED-5E34A49E2B5A}.Release|Any CPU.ActiveCfg = Release|Any CPU
		{76503690-4FDE-4A14-9FED-5E34A49E2B5A}.Release|Any CPU.Build.0 = Release|Any CPU
		{B07EF0F6-CE26-439D-BFDE-79A6932D27F5}.Debug|Any CPU.ActiveCfg = Debug|Any CPU
		{B07EF0F6-CE26-439D-BFDE-79A6932D27F5}.Debug|Any CPU.Build.0 = Debug|Any CPU
		{B07EF0F6-CE26-439D-BFDE-79A6932D27F5}.Release|Any CPU.ActiveCfg = Release|Any CPU
		{B07EF0F6-CE26-439D-BFDE-79A6932D27F5}.Release|Any CPU.Build.0 = Release|Any CPU
		{3FB9724A-9EA9-4B1C-A4C1-E51B62BA5F5A}.Debug|Any CPU.ActiveCfg = Debug|Any CPU
		{3FB9724A-9EA9-4B1C-A4C1-E51B62BA5F5A}.Debug|Any CPU.Build.0 = Debug|Any CPU
		{3FB9724A-9EA9-4B1C-A4C1-E51B62BA5F5A}.Release|Any CPU.ActiveCfg = Release|Any CPU
		{3FB9724A-9EA9-4B1C-A4C1-E51B62BA5F5A}.Release|Any CPU.Build.0 = Release|Any CPU
		{6824288B-5C7B-45C5-B26F-9ACC720D04D9}.Debug|Any CPU.ActiveCfg = Debug|Any CPU
		{6824288B-5C7B-45C5-B26F-9ACC720D04D9}.Debug|Any CPU.Build.0 = Debug|Any CPU
		{6824288B-5C7B-45C5-B26F-9ACC720D04D9}.Release|Any CPU.ActiveCfg = Release|Any CPU
		{6824288B-5C7B-45C5-B26F-9ACC720D04D9}.Release|Any CPU.Build.0 = Release|Any CPU
		{A76773CA-67E7-4BE4-9137-267B236FA083}.Debug|Any CPU.ActiveCfg = Debug|Any CPU
		{A76773CA-67E7-4BE4-9137-267B236FA083}.Debug|Any CPU.Build.0 = Debug|Any CPU
		{A76773CA-67E7-4BE4-9137-267B236FA083}.Release|Any CPU.ActiveCfg = Release|Any CPU
		{A76773CA-67E7-4BE4-9137-267B236FA083}.Release|Any CPU.Build.0 = Release|Any CPU
		{E9F05DE0-DD46-475C-A6DA-D245E8AFB37E}.Debug|Any CPU.ActiveCfg = Debug|Any CPU
		{E9F05DE0-DD46-475C-A6DA-D245E8AFB37E}.Debug|Any CPU.Build.0 = Debug|Any CPU
		{E9F05DE0-DD46-475C-A6DA-D245E8AFB37E}.Release|Any CPU.ActiveCfg = Release|Any CPU
		{E9F05DE0-DD46-475C-A6DA-D245E8AFB37E}.Release|Any CPU.Build.0 = Release|Any CPU
		{683294F3-2433-4550-BE11-9407DC5B8F41}.Debug|Any CPU.ActiveCfg = Debug|Any CPU
		{683294F3-2433-4550-BE11-9407DC5B8F41}.Debug|Any CPU.Build.0 = Debug|Any CPU
		{683294F3-2433-4550-BE11-9407DC5B8F41}.Release|Any CPU.ActiveCfg = Release|Any CPU
		{683294F3-2433-4550-BE11-9407DC5B8F41}.Release|Any CPU.Build.0 = Release|Any CPU
		{F9ED380C-AF32-41EC-BEDC-A477EA75456B}.Debug|Any CPU.ActiveCfg = Debug|Any CPU
		{F9ED380C-AF32-41EC-BEDC-A477EA75456B}.Debug|Any CPU.Build.0 = Debug|Any CPU
		{F9ED380C-AF32-41EC-BEDC-A477EA75456B}.Release|Any CPU.ActiveCfg = Release|Any CPU
		{F9ED380C-AF32-41EC-BEDC-A477EA75456B}.Release|Any CPU.Build.0 = Release|Any CPU
		{285F9D37-DB2B-4478-AF80-B0A40273FEF4}.Debug|Any CPU.ActiveCfg = Debug|Any CPU
		{285F9D37-DB2B-4478-AF80-B0A40273FEF4}.Debug|Any CPU.Build.0 = Debug|Any CPU
		{285F9D37-DB2B-4478-AF80-B0A40273FEF4}.Release|Any CPU.ActiveCfg = Release|Any CPU
		{285F9D37-DB2B-4478-AF80-B0A40273FEF4}.Release|Any CPU.Build.0 = Release|Any CPU
		{DC594AA3-21D8-4C6D-98C1-F48CBE3C40E9}.Debug|Any CPU.ActiveCfg = Debug|Any CPU
		{DC594AA3-21D8-4C6D-98C1-F48CBE3C40E9}.Debug|Any CPU.Build.0 = Debug|Any CPU
		{DC594AA3-21D8-4C6D-98C1-F48CBE3C40E9}.Release|Any CPU.ActiveCfg = Release|Any CPU
		{DC594AA3-21D8-4C6D-98C1-F48CBE3C40E9}.Release|Any CPU.Build.0 = Release|Any CPU
		{40E501AA-7631-45CA-A95E-8EEA32FDEEF4}.Debug|Any CPU.ActiveCfg = Debug|Any CPU
		{40E501AA-7631-45CA-A95E-8EEA32FDEEF4}.Debug|Any CPU.Build.0 = Debug|Any CPU
		{40E501AA-7631-45CA-A95E-8EEA32FDEEF4}.Release|Any CPU.ActiveCfg = Release|Any CPU
		{40E501AA-7631-45CA-A95E-8EEA32FDEEF4}.Release|Any CPU.Build.0 = Release|Any CPU
		{3EA0E442-5B15-48D6-AD3F-64681C6F67F0}.Debug|Any CPU.ActiveCfg = Debug|Any CPU
		{3EA0E442-5B15-48D6-AD3F-64681C6F67F0}.Debug|Any CPU.Build.0 = Debug|Any CPU
		{3EA0E442-5B15-48D6-AD3F-64681C6F67F0}.Release|Any CPU.ActiveCfg = Release|Any CPU
		{3EA0E442-5B15-48D6-AD3F-64681C6F67F0}.Release|Any CPU.Build.0 = Release|Any CPU
		{643FD2BB-E94D-4BC7-9FF4-CA01DC27FA49}.Debug|Any CPU.ActiveCfg = Debug|Any CPU
		{643FD2BB-E94D-4BC7-9FF4-CA01DC27FA49}.Debug|Any CPU.Build.0 = Debug|Any CPU
		{643FD2BB-E94D-4BC7-9FF4-CA01DC27FA49}.Release|Any CPU.ActiveCfg = Release|Any CPU
		{643FD2BB-E94D-4BC7-9FF4-CA01DC27FA49}.Release|Any CPU.Build.0 = Release|Any CPU
		{9CABD45F-9A17-4C2F-BF3A-5E15EAC4B750}.Debug|Any CPU.ActiveCfg = Debug|Any CPU
		{9CABD45F-9A17-4C2F-BF3A-5E15EAC4B750}.Debug|Any CPU.Build.0 = Debug|Any CPU
		{9CABD45F-9A17-4C2F-BF3A-5E15EAC4B750}.Release|Any CPU.ActiveCfg = Release|Any CPU
		{9CABD45F-9A17-4C2F-BF3A-5E15EAC4B750}.Release|Any CPU.Build.0 = Release|Any CPU
		{4B760A5C-D613-4F4A-928F-19C370387116}.Debug|Any CPU.ActiveCfg = Debug|Any CPU
		{4B760A5C-D613-4F4A-928F-19C370387116}.Debug|Any CPU.Build.0 = Debug|Any CPU
		{4B760A5C-D613-4F4A-928F-19C370387116}.Release|Any CPU.ActiveCfg = Release|Any CPU
		{4B760A5C-D613-4F4A-928F-19C370387116}.Release|Any CPU.Build.0 = Release|Any CPU
		{87E1E2D7-309C-4F77-A182-8177B52AD111}.Debug|Any CPU.ActiveCfg = Debug|Any CPU
		{87E1E2D7-309C-4F77-A182-8177B52AD111}.Debug|Any CPU.Build.0 = Debug|Any CPU
		{87E1E2D7-309C-4F77-A182-8177B52AD111}.Release|Any CPU.ActiveCfg = Release|Any CPU
		{87E1E2D7-309C-4F77-A182-8177B52AD111}.Release|Any CPU.Build.0 = Release|Any CPU
		{BE4D53B3-62E7-4734-9628-227F6A0F7CCC}.Debug|Any CPU.ActiveCfg = Debug|Any CPU
		{BE4D53B3-62E7-4734-9628-227F6A0F7CCC}.Debug|Any CPU.Build.0 = Debug|Any CPU
		{BE4D53B3-62E7-4734-9628-227F6A0F7CCC}.Release|Any CPU.ActiveCfg = Release|Any CPU
		{BE4D53B3-62E7-4734-9628-227F6A0F7CCC}.Release|Any CPU.Build.0 = Release|Any CPU
		{1BB11E37-A8F1-40C4-81C2-0F83094B4E36}.Debug|Any CPU.ActiveCfg = Debug|Any CPU
		{1BB11E37-A8F1-40C4-81C2-0F83094B4E36}.Debug|Any CPU.Build.0 = Debug|Any CPU
		{1BB11E37-A8F1-40C4-81C2-0F83094B4E36}.Release|Any CPU.ActiveCfg = Release|Any CPU
		{1BB11E37-A8F1-40C4-81C2-0F83094B4E36}.Release|Any CPU.Build.0 = Release|Any CPU
		{4DAF905C-E459-45AD-8336-BE7B154B4AF0}.Debug|Any CPU.ActiveCfg = Debug|Any CPU
		{4DAF905C-E459-45AD-8336-BE7B154B4AF0}.Debug|Any CPU.Build.0 = Debug|Any CPU
		{4DAF905C-E459-45AD-8336-BE7B154B4AF0}.Release|Any CPU.ActiveCfg = Release|Any CPU
		{4DAF905C-E459-45AD-8336-BE7B154B4AF0}.Release|Any CPU.Build.0 = Release|Any CPU
		{E95DDAB8-240D-48B8-A336-8E3E866D85F8}.Debug|Any CPU.ActiveCfg = Debug|Any CPU
		{E95DDAB8-240D-48B8-A336-8E3E866D85F8}.Debug|Any CPU.Build.0 = Debug|Any CPU
		{E95DDAB8-240D-48B8-A336-8E3E866D85F8}.Release|Any CPU.ActiveCfg = Release|Any CPU
		{E95DDAB8-240D-48B8-A336-8E3E866D85F8}.Release|Any CPU.Build.0 = Release|Any CPU
		{DC890D38-99A0-4A90-98B5-645D5564A564}.Debug|Any CPU.ActiveCfg = Debug|Any CPU
		{DC890D38-99A0-4A90-98B5-645D5564A564}.Debug|Any CPU.Build.0 = Debug|Any CPU
		{DC890D38-99A0-4A90-98B5-645D5564A564}.Release|Any CPU.ActiveCfg = Release|Any CPU
		{DC890D38-99A0-4A90-98B5-645D5564A564}.Release|Any CPU.Build.0 = Release|Any CPU
		{16715517-5B33-43BB-A90C-D4CF982A93F5}.Debug|Any CPU.ActiveCfg = Debug|Any CPU
		{16715517-5B33-43BB-A90C-D4CF982A93F5}.Debug|Any CPU.Build.0 = Debug|Any CPU
		{16715517-5B33-43BB-A90C-D4CF982A93F5}.Release|Any CPU.ActiveCfg = Release|Any CPU
		{16715517-5B33-43BB-A90C-D4CF982A93F5}.Release|Any CPU.Build.0 = Release|Any CPU
		{0B3C067A-186E-4B93-850C-15B5ECB009EE}.Debug|Any CPU.ActiveCfg = Debug|Any CPU
		{0B3C067A-186E-4B93-850C-15B5ECB009EE}.Debug|Any CPU.Build.0 = Debug|Any CPU
		{0B3C067A-186E-4B93-850C-15B5ECB009EE}.Release|Any CPU.ActiveCfg = Release|Any CPU
		{0B3C067A-186E-4B93-850C-15B5ECB009EE}.Release|Any CPU.Build.0 = Release|Any CPU
		{46E0DA97-A054-449B-8201-128C1166122C}.Debug|Any CPU.ActiveCfg = Debug|Any CPU
		{46E0DA97-A054-449B-8201-128C1166122C}.Debug|Any CPU.Build.0 = Debug|Any CPU
		{46E0DA97-A054-449B-8201-128C1166122C}.Release|Any CPU.ActiveCfg = Release|Any CPU
		{46E0DA97-A054-449B-8201-128C1166122C}.Release|Any CPU.Build.0 = Release|Any CPU
		{456209AC-A1C0-4716-B904-F035E8936B77}.Debug|Any CPU.ActiveCfg = Debug|Any CPU
		{456209AC-A1C0-4716-B904-F035E8936B77}.Debug|Any CPU.Build.0 = Debug|Any CPU
		{456209AC-A1C0-4716-B904-F035E8936B77}.Release|Any CPU.ActiveCfg = Release|Any CPU
		{456209AC-A1C0-4716-B904-F035E8936B77}.Release|Any CPU.Build.0 = Release|Any CPU
		{9FFE18BC-5B2F-4B14-A0B1-2B275190D6E1}.Debug|Any CPU.ActiveCfg = Debug|Any CPU
		{9FFE18BC-5B2F-4B14-A0B1-2B275190D6E1}.Debug|Any CPU.Build.0 = Debug|Any CPU
		{9FFE18BC-5B2F-4B14-A0B1-2B275190D6E1}.Release|Any CPU.ActiveCfg = Release|Any CPU
		{9FFE18BC-5B2F-4B14-A0B1-2B275190D6E1}.Release|Any CPU.Build.0 = Release|Any CPU
		{B0376640-8512-44D2-A622-D26661C095A1}.Debug|Any CPU.ActiveCfg = Debug|Any CPU
		{B0376640-8512-44D2-A622-D26661C095A1}.Debug|Any CPU.Build.0 = Debug|Any CPU
		{B0376640-8512-44D2-A622-D26661C095A1}.Release|Any CPU.ActiveCfg = Release|Any CPU
		{B0376640-8512-44D2-A622-D26661C095A1}.Release|Any CPU.Build.0 = Release|Any CPU
		{C1CA33FA-3399-430C-9CD5-4B8B409C839B}.Debug|Any CPU.ActiveCfg = Debug|Any CPU
		{C1CA33FA-3399-430C-9CD5-4B8B409C839B}.Debug|Any CPU.Build.0 = Debug|Any CPU
		{C1CA33FA-3399-430C-9CD5-4B8B409C839B}.Release|Any CPU.ActiveCfg = Release|Any CPU
		{C1CA33FA-3399-430C-9CD5-4B8B409C839B}.Release|Any CPU.Build.0 = Release|Any CPU
		{620B60B1-54C3-4B13-8DDB-CD2A4EFF4EB2}.Debug|Any CPU.ActiveCfg = Debug|Any CPU
		{620B60B1-54C3-4B13-8DDB-CD2A4EFF4EB2}.Debug|Any CPU.Build.0 = Debug|Any CPU
		{620B60B1-54C3-4B13-8DDB-CD2A4EFF4EB2}.Release|Any CPU.ActiveCfg = Release|Any CPU
		{620B60B1-54C3-4B13-8DDB-CD2A4EFF4EB2}.Release|Any CPU.Build.0 = Release|Any CPU
		{3FC6B75D-4810-4947-AB41-FA35351BE7D4}.Debug|Any CPU.ActiveCfg = Debug|Any CPU
		{3FC6B75D-4810-4947-AB41-FA35351BE7D4}.Debug|Any CPU.Build.0 = Debug|Any CPU
		{3FC6B75D-4810-4947-AB41-FA35351BE7D4}.Release|Any CPU.ActiveCfg = Release|Any CPU
		{3FC6B75D-4810-4947-AB41-FA35351BE7D4}.Release|Any CPU.Build.0 = Release|Any CPU
		{B5F83C8F-52CC-41F7-BCFC-789DAA5F6EFB}.Debug|Any CPU.ActiveCfg = Debug|Any CPU
		{B5F83C8F-52CC-41F7-BCFC-789DAA5F6EFB}.Debug|Any CPU.Build.0 = Debug|Any CPU
		{B5F83C8F-52CC-41F7-BCFC-789DAA5F6EFB}.Release|Any CPU.ActiveCfg = Release|Any CPU
		{B5F83C8F-52CC-41F7-BCFC-789DAA5F6EFB}.Release|Any CPU.Build.0 = Release|Any CPU
		{D68901DE-FBDE-4167-843A-6E4D28F1CA02}.Debug|Any CPU.ActiveCfg = Debug|Any CPU
		{D68901DE-FBDE-4167-843A-6E4D28F1CA02}.Debug|Any CPU.Build.0 = Debug|Any CPU
		{D68901DE-FBDE-4167-843A-6E4D28F1CA02}.Release|Any CPU.ActiveCfg = Release|Any CPU
		{D68901DE-FBDE-4167-843A-6E4D28F1CA02}.Release|Any CPU.Build.0 = Release|Any CPU
		{80D2E739-62F2-40B3-862A-F65438FD875D}.Debug|Any CPU.ActiveCfg = Debug|Any CPU
		{80D2E739-62F2-40B3-862A-F65438FD875D}.Debug|Any CPU.Build.0 = Debug|Any CPU
		{80D2E739-62F2-40B3-862A-F65438FD875D}.Release|Any CPU.ActiveCfg = Release|Any CPU
		{80D2E739-62F2-40B3-862A-F65438FD875D}.Release|Any CPU.Build.0 = Release|Any CPU
		{F6D2C7EF-10B5-403C-9BBF-75D8AD08EA37}.Debug|Any CPU.ActiveCfg = Debug|Any CPU
		{F6D2C7EF-10B5-403C-9BBF-75D8AD08EA37}.Debug|Any CPU.Build.0 = Debug|Any CPU
		{F6D2C7EF-10B5-403C-9BBF-75D8AD08EA37}.Release|Any CPU.ActiveCfg = Release|Any CPU
		{F6D2C7EF-10B5-403C-9BBF-75D8AD08EA37}.Release|Any CPU.Build.0 = Release|Any CPU
		{C1451352-75F7-4811-B422-845E4B2181B3}.Debug|Any CPU.ActiveCfg = Debug|Any CPU
		{C1451352-75F7-4811-B422-845E4B2181B3}.Debug|Any CPU.Build.0 = Debug|Any CPU
		{C1451352-75F7-4811-B422-845E4B2181B3}.Release|Any CPU.ActiveCfg = Release|Any CPU
		{C1451352-75F7-4811-B422-845E4B2181B3}.Release|Any CPU.Build.0 = Release|Any CPU
	EndGlobalSection
	GlobalSection(SolutionProperties) = preSolution
		HideSolutionNode = FALSE
	EndGlobalSection
	GlobalSection(NestedProjects) = preSolution
		{75A8F961-66D3-4B4D-87B2-57A7D46559DC} = {A054E0FA-95F4-4FD5-A54C-377CE9EAD1F9}
		{8E1BBF8E-F1C3-4A57-AD01-3BE06997DF83} = {A054E0FA-95F4-4FD5-A54C-377CE9EAD1F9}
		{6CC3EC64-E147-4F0A-A661-9F0F448EC1CA} = {A054E0FA-95F4-4FD5-A54C-377CE9EAD1F9}
		{E6E062EB-C2FB-4D77-B0D2-6C8BA1AE809B} = {A054E0FA-95F4-4FD5-A54C-377CE9EAD1F9}
		{8822A1DF-D99F-427A-A716-432DB5AE1866} = {A054E0FA-95F4-4FD5-A54C-377CE9EAD1F9}
		{076D712F-AC3E-48CD-9404-6ECF199E8FD9} = {A054E0FA-95F4-4FD5-A54C-377CE9EAD1F9}
		{3E40160B-2626-4A6B-B32F-CDE88FCDF997} = {076D712F-AC3E-48CD-9404-6ECF199E8FD9}
		{341C87B7-EB29-4AA5-8628-898060787E42} = {75EF4F87-5D00-4B60-9AB2-C387D825306C}
		{388339F4-675A-41E8-8376-E441855C33FE} = {E848E991-3FAA-4A81-8963-73E5913C2CAF}
		{3725EF8B-82A6-4716-881A-34A8923EFD7C} = {E848E991-3FAA-4A81-8963-73E5913C2CAF}
		{C78B4C35-36A4-455D-AE5C-F6D5D13F1797} = {E848E991-3FAA-4A81-8963-73E5913C2CAF}
		{76503690-4FDE-4A14-9FED-5E34A49E2B5A} = {E848E991-3FAA-4A81-8963-73E5913C2CAF}
		{B07EF0F6-CE26-439D-BFDE-79A6932D27F5} = {E848E991-3FAA-4A81-8963-73E5913C2CAF}
		{3FB9724A-9EA9-4B1C-A4C1-E51B62BA5F5A} = {5A49ABED-AE90-4EAB-BB5D-23A80A9B0154}
		{6824288B-5C7B-45C5-B26F-9ACC720D04D9} = {5A49ABED-AE90-4EAB-BB5D-23A80A9B0154}
		{A76773CA-67E7-4BE4-9137-267B236FA083} = {5A49ABED-AE90-4EAB-BB5D-23A80A9B0154}
		{E9F05DE0-DD46-475C-A6DA-D245E8AFB37E} = {5A49ABED-AE90-4EAB-BB5D-23A80A9B0154}
		{683294F3-2433-4550-BE11-9407DC5B8F41} = {5A49ABED-AE90-4EAB-BB5D-23A80A9B0154}
		{F9ED380C-AF32-41EC-BEDC-A477EA75456B} = {5A49ABED-AE90-4EAB-BB5D-23A80A9B0154}
		{285F9D37-DB2B-4478-AF80-B0A40273FEF4} = {5A49ABED-AE90-4EAB-BB5D-23A80A9B0154}
		{DC594AA3-21D8-4C6D-98C1-F48CBE3C40E9} = {5A49ABED-AE90-4EAB-BB5D-23A80A9B0154}
		{40E501AA-7631-45CA-A95E-8EEA32FDEEF4} = {5A49ABED-AE90-4EAB-BB5D-23A80A9B0154}
		{3EA0E442-5B15-48D6-AD3F-64681C6F67F0} = {5A49ABED-AE90-4EAB-BB5D-23A80A9B0154}
		{643FD2BB-E94D-4BC7-9FF4-CA01DC27FA49} = {5A49ABED-AE90-4EAB-BB5D-23A80A9B0154}
		{9CABD45F-9A17-4C2F-BF3A-5E15EAC4B750} = {5A49ABED-AE90-4EAB-BB5D-23A80A9B0154}
		{4B760A5C-D613-4F4A-928F-19C370387116} = {A4FFCAB7-3ADE-4D6D-B4E0-1B6AFF2C70A2}
		{87E1E2D7-309C-4F77-A182-8177B52AD111} = {A4FFCAB7-3ADE-4D6D-B4E0-1B6AFF2C70A2}
		{BE4D53B3-62E7-4734-9628-227F6A0F7CCC} = {A4FFCAB7-3ADE-4D6D-B4E0-1B6AFF2C70A2}
		{1BB11E37-A8F1-40C4-81C2-0F83094B4E36} = {A4FFCAB7-3ADE-4D6D-B4E0-1B6AFF2C70A2}
		{4DAF905C-E459-45AD-8336-BE7B154B4AF0} = {A4FFCAB7-3ADE-4D6D-B4E0-1B6AFF2C70A2}
		{E95DDAB8-240D-48B8-A336-8E3E866D85F8} = {A4FFCAB7-3ADE-4D6D-B4E0-1B6AFF2C70A2}
		{DC890D38-99A0-4A90-98B5-645D5564A564} = {A4FFCAB7-3ADE-4D6D-B4E0-1B6AFF2C70A2}
		{16715517-5B33-43BB-A90C-D4CF982A93F5} = {A4FFCAB7-3ADE-4D6D-B4E0-1B6AFF2C70A2}
		{0B3C067A-186E-4B93-850C-15B5ECB009EE} = {A4FFCAB7-3ADE-4D6D-B4E0-1B6AFF2C70A2}
		{46E0DA97-A054-449B-8201-128C1166122C} = {A4FFCAB7-3ADE-4D6D-B4E0-1B6AFF2C70A2}
		{456209AC-A1C0-4716-B904-F035E8936B77} = {A4FFCAB7-3ADE-4D6D-B4E0-1B6AFF2C70A2}
		{9FFE18BC-5B2F-4B14-A0B1-2B275190D6E1} = {75EF4F87-5D00-4B60-9AB2-C387D825306C}
		{B0376640-8512-44D2-A622-D26661C095A1} = {FEAEBD01-F5A0-4D35-A0E6-296DD60E7475}
		{C1CA33FA-3399-430C-9CD5-4B8B409C839B} = {FEAEBD01-F5A0-4D35-A0E6-296DD60E7475}
		{7037AE83-FFEA-4F3C-B391-17F7F00BB3CD} = {AA24E0B9-10BB-4B04-88DF-881B8EED288C}
		{620B60B1-54C3-4B13-8DDB-CD2A4EFF4EB2} = {7037AE83-FFEA-4F3C-B391-17F7F00BB3CD}
		{3E99CA5C-4111-4640-B4D1-38344456CEB5} = {AA24E0B9-10BB-4B04-88DF-881B8EED288C}
		{B5F83C8F-52CC-41F7-BCFC-789DAA5F6EFB} = {3E99CA5C-4111-4640-B4D1-38344456CEB5}
		{1DE76F65-63BA-4869-AB5F-BBA3CCCF9CB0} = {AA24E0B9-10BB-4B04-88DF-881B8EED288C}
		{D68901DE-FBDE-4167-843A-6E4D28F1CA02} = {1DE76F65-63BA-4869-AB5F-BBA3CCCF9CB0}
		{80D2E739-62F2-40B3-862A-F65438FD875D} = {AA24E0B9-10BB-4B04-88DF-881B8EED288C}
		{F6D2C7EF-10B5-403C-9BBF-75D8AD08EA37} = {15278566-DF5C-4639-9DDE-94C48E8DCB1E}
		{C1451352-75F7-4811-B422-845E4B2181B3} = {15278566-DF5C-4639-9DDE-94C48E8DCB1E}
	EndGlobalSection
	GlobalSection(ExtensibilityGlobals) = postSolution
		SolutionGuid = {9B068428-ABC0-42FB-A652-78A7BC703662}
	EndGlobalSection
EndGlobal
